PODS:
  - Alamofire (4.7.3)
  - HandyJSON (4.1.3)

DEPENDENCIES:
  - Alamofire (~> 4.7)
  - HandyJSON (~> 4.1.1)

SPEC REPOS:
  https://github.com/cocoapods/specs.git:
    - Alamofire
    - HandyJSON

SPEC CHECKSUMS:
  Alamofire: c7287b6e5d7da964a70935e5db17046b7fde6568
  HandyJSON: bc81fbeb62d65ae5d5942ed29bc4a8265d18c1e8

PODFILE CHECKSUM: a7f7047150657d11f43e7a2cdd0d4a9a97660447

COCOAPODS: 1.5.3
